<?xml version="1.0" encoding="utf-8"?>
<Project ToolsVersion="4.0" xmlns="http://schemas.microsoft.com/developer/msbuild/2003">
  <ItemGroup>
    <Filter Include="Source Files">
      <UniqueIdentifier>{4FC737F1-C7A5-4376-A066-2A32D752A2FF}</UniqueIdentifier>
      <Extensions>cpp;c;cc;cxx;c++;cppm;ixx;def;odl;idl;hpj;bat;asm;asmx</Extensions>
    </Filter>
    <Filter Include="Header Files">
      <UniqueIdentifier>{93995380-89BD-4b04-88EB-625FBE52EBFB}</UniqueIdentifier>
      <Extensions>h;hh;hpp;hxx;h++;hm;inl;inc;ipp;xsd</Extensions>
    </Filter>
    <Filter Include="Resource Files">
      <UniqueIdentifier>{67DA6AB6-F800-4c08-8B7A-83BB121AAD01}</UniqueIdentifier>
      <Extensions>rc;ico;cur;bmp;dlg;rc2;rct;bin;rgs;gif;jpg;jpeg;jpe;resx;tiff;tif;png;wav;mfcribbon-ms</Extensions>
    </Filter>
  </ItemGroup>
  <ItemGroup>
    <ClCompile Include="main.cpp">
      <Filter>Source Files</Filter>
    </ClCompile>
  </ItemGroup>
  <ItemGroup>
    <ClInclude Include="lib\renderer\core\view\OrthographicCamera.h">
      <Filter>Header Files</Filter>
    </ClInclude>
    <ClInclude Include="lib\renderer\core\view\PerspectiveCamera.h">
      <Filter>Header Files</Filter>
    </ClInclude>
    <ClInclude Include="lib\renderer\utility\controls.h">
      <Filter>Header Files</Filter>
    </ClInclude>
    <ClInclude Include="lib\renderer\debug.h">
      <Filter>Header Files</Filter>
    </ClInclude>
    <ClInclude Include="lib\renderer\core\AssetManager.h">
      <Filter>Header Files</Filter>
    </ClInclude>
    <ClInclude Include="lib\renderer\core\mesh.h">
      <Filter>Header Files</Filter>
    </ClInclude>
    <ClInclude Include="lib\renderer\core\object3d.h">
      <Filter>Header Files</Filter>
    </ClInclude>
    <ClInclude Include="lib\renderer\core\view\Camera.h">
      <Filter>Header Files</Filter>
    </ClInclude>
    <ClInclude Include="lib\renderer\core\texture\Texture.h">
      <Filter>Header Files</Filter>
    </ClInclude>
    <ClInclude Include="lib\renderer\core\geometry\BoxGeometry.h">
      <Filter>Header Files</Filter>
    </ClInclude>
    <ClInclude Include="lib\renderer\core\geometry\EllipticalCylinderGeometery.h">
      <Filter>Header Files</Filter>
    </ClInclude>
    <ClInclude Include="lib\renderer\core\geometry\PipeGeometery.h">
      <Filter>Header Files</Filter>
    </ClInclude>
    <ClInclude Include="lib\renderer\core\geometry\RectangleGeometry.h">
      <Filter>Header Files</Filter>
    </ClInclude>
    <ClInclude Include="lib\renderer\core\geometry\SpheroidGeometry.h">
      <Filter>Header Files</Filter>
    </ClInclude>
    <ClInclude Include="lib\renderer\core\geometry\TorusGeometry.h">
      <Filter>Header Files</Filter>
    </ClInclude>
    <ClInclude Include="lib\renderer\helper\normalvisualizer.h">
      <Filter>Header Files</Filter>
    </ClInclude>
    <ClInclude Include="lib\renderer\core\material\Basic.h">
      <Filter>Header Files</Filter>
    </ClInclude>
    <ClInclude Include="lib\renderer\core\material\Phong.h">
      <Filter>Header Files</Filter>
    </ClInclude>
    <ClInclude Include="lib\renderer\technique\deferedshading.h">
      <Filter>Header Files</Filter>
    </ClInclude>
    <ClInclude Include="lib\renderer\technique\framebuffer.h">
      <Filter>Header Files</Filter>
    </ClInclude>
    <ClInclude Include="lib\renderer\core\Geometry.h">
      <Filter>Header Files</Filter>
    </ClInclude>
    <ClInclude Include="lib\renderer\technique\ibl.h">
      <Filter>Header Files</Filter>
    </ClInclude>
    <ClInclude Include="lib\renderer\core\Initiliaze.h">
      <Filter>Header Files</Filter>
    </ClInclude>
    <ClInclude Include="lib\renderer\technique\postprocess.h">
      <Filter>Header Files</Filter>
    </ClInclude>
    <ClInclude Include="lib\renderer\core\Renderer.h">
      <Filter>Header Files</Filter>
    </ClInclude>
    <ClInclude Include="lib\renderer\core\shading\Shader.h">
      <Filter>Header Files</Filter>
    </ClInclude>
    <ClInclude Include="lib\renderer\technique\shadowmapping.h">
      <Filter>Header Files</Filter>
    </ClInclude>
    <ClInclude Include="lib\renderer\technique\ssao.h">
      <Filter>Header Files</Filter>
    </ClInclude>
    <ClInclude Include="lib\renderer\core\texture\stbloader.h">
      <Filter>Header Files</Filter>
    </ClInclude>
    <ClInclude Include="lib\renderer\technique\formats.h">
      <Filter>Header Files</Filter>
    </ClInclude>
    <ClInclude Include="lib\renderer\core\shading\UBO.h">
      <Filter>Header Files</Filter>
    </ClInclude>
    <ClInclude Include="lib\renderer\core\shading\shaders\Shaders.h">
      <Filter>Header Files</Filter>
    </ClInclude>
    <ClInclude Include="lib\renderer\utility\listener.h">
      <Filter>Header Files</Filter>
    </ClInclude>
    <ClInclude Include="lib\renderer\core\3d\Mesh.h">
      <Filter>Header Files</Filter>
    </ClInclude>
    <ClInclude Include="lib\renderer\core\3d\Object3d.h">
      <Filter>Header Files</Filter>
    </ClInclude>
    <ClInclude Include="lib\renderer\core\framebuffer\Formats.h">
      <Filter>Header Files</Filter>
    </ClInclude>
    <ClInclude Include="lib\renderer\core\framebuffer\FrameBuffer.h">
      <Filter>Header Files</Filter>
    </ClInclude>
    <ClInclude Include="lib\renderer\core\Material.h">
      <Filter>Header Files</Filter>
    </ClInclude>
    <ClInclude Include="lib\renderer\core\light\PointLight.h">
      <Filter>Header Files</Filter>
    </ClInclude>
    <ClInclude Include="lib\renderer\core\Light.h">
      <Filter>Header Files</Filter>
    </ClInclude>
    <ClInclude Include="lib\renderer\core\light\LightRender.h">
      <Filter>Header Files</Filter>
    </ClInclude>
  </ItemGroup>
  <ItemGroup>
    <None Include="lib\renderer\core\shading\shaders\Fragment\Basic.frag" />
    <None Include="lib\renderer\core\shading\shaders\Vertex\Basic.vert" />
    <None Include="lib\renderer\core\shading\shaders\Vertex\GeometeryPass.vert" />
    <None Include="lib\renderer\core\shading\shaders\Vertex\NormalVisualizer.vert" />
  </ItemGroup>
</Project>