<?xml version="1.0" encoding="utf-8"?>
<Project ToolsVersion="4.0" xmlns="http://schemas.microsoft.com/developer/msbuild/2003">
  <ItemGroup>
    <Filter Include="Source Files">
      <UniqueIdentifier>{4FC737F1-C7A5-4376-A066-2A32D752A2FF}</UniqueIdentifier>
      <Extensions>cpp;c;cc;cxx;c++;cppm;ixx;def;odl;idl;hpj;bat;asm;asmx</Extensions>
    </Filter>
    <Filter Include="Header Files">
      <UniqueIdentifier>{93995380-89BD-4b04-88EB-625FBE52EBFB}</UniqueIdentifier>
      <Extensions>h;hh;hpp;hxx;h++;hm;inl;inc;ipp;xsd</Extensions>
    </Filter>
    <Filter Include="Resource Files">
      <UniqueIdentifier>{67DA6AB6-F800-4c08-8B7A-83BB121AAD01}</UniqueIdentifier>
      <Extensions>rc;ico;cur;bmp;dlg;rc2;rct;bin;rgs;gif;jpg;jpeg;jpe;resx;tiff;tif;png;wav;mfcribbon-ms</Extensions>
    </Filter>
  </ItemGroup>
  <ItemGroup>
    <ClCompile Include="main.cpp">
      <Filter>Source Files</Filter>
    </ClCompile>
  </ItemGroup>
  <ItemGroup>
    <ClInclude Include="lib\render\core\initiliaze.h">
      <Filter>Header Files</Filter>
    </ClInclude>
    <ClInclude Include="lib\render\core\camera.h">
      <Filter>Header Files</Filter>
    </ClInclude>
    <ClInclude Include="lib\render\technique\deferedshading.h">
      <Filter>Header Files</Filter>
    </ClInclude>
    <ClInclude Include="lib\render\core\framebuffer.h">
      <Filter>Header Files</Filter>
    </ClInclude>
    <ClInclude Include="lib\render\technique\ibl.h">
      <Filter>Header Files</Filter>
    </ClInclude>
    <ClInclude Include="lib\render\technique\postprocess.h">
      <Filter>Header Files</Filter>
    </ClInclude>
    <ClInclude Include="lib\render\core\shader.h">
      <Filter>Header Files</Filter>
    </ClInclude>
    <ClInclude Include="lib\render\technique\shadowmapping.h">
      <Filter>Header Files</Filter>
    </ClInclude>
    <ClInclude Include="lib\render\technique\ssao.h">
      <Filter>Header Files</Filter>
    </ClInclude>
    <ClInclude Include="lib\render\core\stbloader.h">
      <Filter>Header Files</Filter>
    </ClInclude>
    <ClInclude Include="lib\render\core\formats.h">
      <Filter>Header Files</Filter>
    </ClInclude>
    <ClInclude Include="lib\render\shading\ubo.h">
      <Filter>Header Files</Filter>
    </ClInclude>
    <ClInclude Include="lib\render\core\object3d.h">
      <Filter>Header Files</Filter>
    </ClInclude>
    <ClInclude Include="lib\render\core\renderer.h">
      <Filter>Header Files</Filter>
    </ClInclude>
    <ClInclude Include="lib\render\shading\shaders.h">
      <Filter>Header Files</Filter>
    </ClInclude>
    <ClInclude Include="lib\render\core\geometry.h">
      <Filter>Header Files</Filter>
    </ClInclude>
    <ClInclude Include="lib\render\core\material.h">
      <Filter>Header Files</Filter>
    </ClInclude>
    <ClInclude Include="lib\render\geometry\rectangle.h">
      <Filter>Header Files</Filter>
    </ClInclude>
    <ClInclude Include="lib\render\geometry\box.h">
      <Filter>Header Files</Filter>
    </ClInclude>
    <ClInclude Include="lib\render\core\manager.h">
      <Filter>Header Files</Filter>
    </ClInclude>
    <ClInclude Include="lib\render\core\texture.h">
      <Filter>Header Files</Filter>
    </ClInclude>
    <ClInclude Include="lib\render\helper\normalvisualizer.h">
      <Filter>Header Files</Filter>
    </ClInclude>
    <ClInclude Include="lib\render\geometry\spheroid.h">
      <Filter>Header Files</Filter>
    </ClInclude>
    <ClInclude Include="lib\render\geometry\pipe.h">
      <Filter>Header Files</Filter>
    </ClInclude>
    <ClInclude Include="lib\render\geometry\torus.h">
      <Filter>Header Files</Filter>
    </ClInclude>
    <ClInclude Include="lib\render\geometry\ellipticalcylinder.h">
      <Filter>Header Files</Filter>
    </ClInclude>
    <ClInclude Include="lib\render\core\mesh.h">
      <Filter>Header Files</Filter>
    </ClInclude>
    <ClInclude Include="lib\render\core\light.h">
      <Filter>Header Files</Filter>
    </ClInclude>
    <ClInclude Include="lib\render\material\basic.h">
      <Filter>Header Files</Filter>
    </ClInclude>
    <ClInclude Include="lib\render\material\phong.h">
      <Filter>Header Files</Filter>
    </ClInclude>
    <ClInclude Include="lib\render\light\directional.h">
      <Filter>Header Files</Filter>
    </ClInclude>
    <ClInclude Include="lib\render\light\point.h">
      <Filter>Header Files</Filter>
    </ClInclude>
    <ClInclude Include="lib\render\light\spot.h">
      <Filter>Header Files</Filter>
    </ClInclude>
    <ClInclude Include="lib\render\core\debug.h">
      <Filter>Header Files</Filter>
    </ClInclude>
    <ClInclude Include="lib\render\shading\ssbo.h">
      <Filter>Header Files</Filter>
    </ClInclude>
    <ClInclude Include="lib\render\camera\perspective.h">
      <Filter>Header Files</Filter>
    </ClInclude>
    <ClInclude Include="lib\render\camera\orthographic.h">
      <Filter>Header Files</Filter>
    </ClInclude>
    <ClInclude Include="lib\render\utility\controls.h">
      <Filter>Header Files</Filter>
    </ClInclude>
    <ClInclude Include="lib\render\utility\listener.h">
      <Filter>Header Files</Filter>
    </ClInclude>
    <ClInclude Include="lib\render\light\lighting.h">
      <Filter>Header Files</Filter>
    </ClInclude>
  </ItemGroup>
  <ItemGroup>
    <None Include="lib\render\shading\shaders\Vertex\Basic.vert" />
    <None Include="lib\render\shading\shaders\Fragment\Basic.frag" />
  </ItemGroup>
</Project>